
Microsoft Visual Studio Solution File, Format Version 12.00
# Visual Studio Version 16
VisualStudioVersion = 16.0.31424.327
MinimumVisualStudioVersion = 10.0.40219.1
Project("{FAE04EC0-301F-11D3-BF4B-00C04F79EFBC}") = "DashboardDoctor", "DashboardDoctor\DashboardDoctor.csproj", "{68D98353-C073-4BA4-96AE-A095E6E3A45C}"
EndProject
Global
	GlobalSection(SolutionConfigurationPlatforms) = preSolution
		Debug|Any CPU = Debug|Any CPU
		Release|Any CPU = Release|Any CPU
	EndGlobalSection
	GlobalSection(ProjectConfigurationPlatforms) = postSolution
		{68D98353-C073-4BA4-96AE-A095E6E3A45C}.Debug|Any CPU.ActiveCfg = Debug|Any CPU
		{68D98353-C073-4BA4-96AE-A095E6E3A45C}.Debug|Any CPU.Build.0 = Debug|Any CPU
		{68D98353-C073-4BA4-96AE-A095E6E3A45C}.Release|Any CPU.ActiveCfg = Release|Any CPU
		{68D98353-C073-4BA4-96AE-A095E6E3A45C}.Release|Any CPU.Build.0 = Release|Any CPU
	EndGlobalSection
	GlobalSection(SolutionProperties) = preSolution
		HideSolutionNode = FALSE
	EndGlobalSection
	GlobalSection(ExtensibilityGlobals) = postSolution
		SolutionGuid = {4D4F09F3-C7CF-4A0F-8FF9-B74E685E7785}
	EndGlobalSection
EndGlobal
